
Microsoft Visual Studio Solution File, Format Version 12.00
# Visual Studio 14
VisualStudioVersion = 14.0.25420.1
MinimumVisualStudioVersion = 10.0.40219.1
Project("{FAE04EC0-301F-11D3-BF4B-00C04F79EFBC}") = "TP4", "TP4\TP4.csproj", "{ACFFB1EC-EA76-4DCF-B9DC-E178D82A965A}"
EndProject
Global
	GlobalSection(SolutionConfigurationPlatforms) = preSolution
		Debug|Any CPU = Debug|Any CPU
		Release|Any CPU = Release|Any CPU
	EndGlobalSection
	GlobalSection(ProjectConfigurationPlatforms) = postSolution
		{ACFFB1EC-EA76-4DCF-B9DC-E178D82A965A}.Debug|Any CPU.ActiveCfg = Debug|Any CPU
		{ACFFB1EC-EA76-4DCF-B9DC-E178D82A965A}.Debug|Any CPU.Build.0 = Debug|Any CPU
		{ACFFB1EC-EA76-4DCF-B9DC-E178D82A965A}.Release|Any CPU.ActiveCfg = Release|Any CPU
		{ACFFB1EC-EA76-4DCF-B9DC-E178D82A965A}.Release|Any CPU.Build.0 = Release|Any CPU
	EndGlobalSection
	GlobalSection(SolutionProperties) = preSolution
		HideSolutionNode = FALSE
	EndGlobalSection
EndGlobal
